
Microsoft Visual Studio Solution File, Format Version 12.00
# Visual Studio 2013
VisualStudioVersion = 12.0.30501.0
MinimumVisualStudioVersion = 10.0.40219.1
Project("{FAE04EC0-301F-11D3-BF4B-00C04F79EFBC}") = "NextDate", "NextDate\NextDate.csproj", "{9F10BEB2-CE63-4816-8493-D67EEE2CEDAE}"
EndProject
Project("{FAE04EC0-301F-11D3-BF4B-00C04F79EFBC}") = "TribonacciTriangle", "TribonacciTriangle\TribonacciTriangle.csproj", "{9F318BB4-0325-42D8-9CF7-1D48F9F8A0A6}"
EndProject
Project("{FAE04EC0-301F-11D3-BF4B-00C04F79EFBC}") = "Sheets", "Sheets\Sheets.csproj", "{78C2928C-A047-4450-A217-600F635EE45C}"
EndProject
Project("{FAE04EC0-301F-11D3-BF4B-00C04F79EFBC}") = "Carpets", "Carpets\Carpets.csproj", "{EA55C573-E52E-403C-8D94-95F026E52D1A}"
EndProject
Project("{FAE04EC0-301F-11D3-BF4B-00C04F79EFBC}") = "FormulaBit", "FormulaBit\FormulaBit.csproj", "{5454B142-0160-4327-BEC3-0DC716EB0958}"
EndProject
Global
	GlobalSection(SolutionConfigurationPlatforms) = preSolution
		Debug|Any CPU = Debug|Any CPU
		Release|Any CPU = Release|Any CPU
	EndGlobalSection
	GlobalSection(ProjectConfigurationPlatforms) = postSolution
		{9F10BEB2-CE63-4816-8493-D67EEE2CEDAE}.Debug|Any CPU.ActiveCfg = Debug|Any CPU
		{9F10BEB2-CE63-4816-8493-D67EEE2CEDAE}.Debug|Any CPU.Build.0 = Debug|Any CPU
		{9F10BEB2-CE63-4816-8493-D67EEE2CEDAE}.Release|Any CPU.ActiveCfg = Release|Any CPU
		{9F10BEB2-CE63-4816-8493-D67EEE2CEDAE}.Release|Any CPU.Build.0 = Release|Any CPU
		{9F318BB4-0325-42D8-9CF7-1D48F9F8A0A6}.Debug|Any CPU.ActiveCfg = Debug|Any CPU
		{9F318BB4-0325-42D8-9CF7-1D48F9F8A0A6}.Debug|Any CPU.Build.0 = Debug|Any CPU
		{9F318BB4-0325-42D8-9CF7-1D48F9F8A0A6}.Release|Any CPU.ActiveCfg = Release|Any CPU
		{9F318BB4-0325-42D8-9CF7-1D48F9F8A0A6}.Release|Any CPU.Build.0 = Release|Any CPU
		{78C2928C-A047-4450-A217-600F635EE45C}.Debug|Any CPU.ActiveCfg = Debug|Any CPU
		{78C2928C-A047-4450-A217-600F635EE45C}.Debug|Any CPU.Build.0 = Debug|Any CPU
		{78C2928C-A047-4450-A217-600F635EE45C}.Release|Any CPU.ActiveCfg = Release|Any CPU
		{78C2928C-A047-4450-A217-600F635EE45C}.Release|Any CPU.Build.0 = Release|Any CPU
		{EA55C573-E52E-403C-8D94-95F026E52D1A}.Debug|Any CPU.ActiveCfg = Debug|Any CPU
		{EA55C573-E52E-403C-8D94-95F026E52D1A}.Debug|Any CPU.Build.0 = Debug|Any CPU
		{EA55C573-E52E-403C-8D94-95F026E52D1A}.Release|Any CPU.ActiveCfg = Release|Any CPU
		{EA55C573-E52E-403C-8D94-95F026E52D1A}.Release|Any CPU.Build.0 = Release|Any CPU
		{5454B142-0160-4327-BEC3-0DC716EB0958}.Debug|Any CPU.ActiveCfg = Debug|Any CPU
		{5454B142-0160-4327-BEC3-0DC716EB0958}.Debug|Any CPU.Build.0 = Debug|Any CPU
		{5454B142-0160-4327-BEC3-0DC716EB0958}.Release|Any CPU.ActiveCfg = Release|Any CPU
		{5454B142-0160-4327-BEC3-0DC716EB0958}.Release|Any CPU.Build.0 = Release|Any CPU
	EndGlobalSection
	GlobalSection(SolutionProperties) = preSolution
		HideSolutionNode = FALSE
	EndGlobalSection
EndGlobal
